
Microsoft Visual Studio Solution File, Format Version 12.00
# Visual Studio 2013
VisualStudioVersion = 12.0.31101.0
MinimumVisualStudioVersion = 10.0.40219.1
Project("{8BC9CEB8-8B4A-11D0-8D11-00A0C91BC942}") = "og.net", "og-net\og-net.vcxproj", "{DA3EC6C7-B216-4F4B-A3BE-24013AE86FDA}"
EndProject
Project("{FAE04EC0-301F-11D3-BF4B-00C04F79EFBC}") = "test-og.net", "test-og-net\test-og.net.csproj", "{6DCCA72A-98FC-43A9-BDFD-8DA3EE9801DA}"
EndProject
Project("{8BC9CEB8-8B4A-11D0-8D11-00A0C91BC942}") = "test-core", "test-core\test-core.vcxproj", "{976D11BF-8E4A-408E-A9DB-D26A73D362A3}"
	ProjectSection(ProjectDependencies) = postProject
		{9D5186DE-9EF7-48F3-8F72-5A51F3ABA19B} = {9D5186DE-9EF7-48F3-8F72-5A51F3ABA19B}
	EndProjectSection
EndProject
Project("{8BC9CEB8-8B4A-11D0-8D11-00A0C91BC942}") = "core", "core\core.vcxproj", "{9D5186DE-9EF7-48F3-8F72-5A51F3ABA19B}"
EndProject
Global
	GlobalSection(SolutionConfigurationPlatforms) = preSolution
		Debug|Any CPU = Debug|Any CPU
		Debug|Mixed Platforms = Debug|Mixed Platforms
		Debug|Win32 = Debug|Win32
		Debug|x64 = Debug|x64
		Release|Any CPU = Release|Any CPU
		Release|Mixed Platforms = Release|Mixed Platforms
		Release|Win32 = Release|Win32
		Release|x64 = Release|x64
	EndGlobalSection
	GlobalSection(ProjectConfigurationPlatforms) = postSolution
		{DA3EC6C7-B216-4F4B-A3BE-24013AE86FDA}.Debug|Any CPU.ActiveCfg = Debug|Win32
		{DA3EC6C7-B216-4F4B-A3BE-24013AE86FDA}.Debug|Mixed Platforms.ActiveCfg = Debug|x64
		{DA3EC6C7-B216-4F4B-A3BE-24013AE86FDA}.Debug|Mixed Platforms.Build.0 = Debug|x64
		{DA3EC6C7-B216-4F4B-A3BE-24013AE86FDA}.Debug|Win32.ActiveCfg = Debug|Win32
		{DA3EC6C7-B216-4F4B-A3BE-24013AE86FDA}.Debug|Win32.Build.0 = Debug|Win32
		{DA3EC6C7-B216-4F4B-A3BE-24013AE86FDA}.Debug|x64.ActiveCfg = Debug|x64
		{DA3EC6C7-B216-4F4B-A3BE-24013AE86FDA}.Debug|x64.Build.0 = Debug|x64
		{DA3EC6C7-B216-4F4B-A3BE-24013AE86FDA}.Release|Any CPU.ActiveCfg = Release|Win32
		{DA3EC6C7-B216-4F4B-A3BE-24013AE86FDA}.Release|Mixed Platforms.ActiveCfg = Release|Win32
		{DA3EC6C7-B216-4F4B-A3BE-24013AE86FDA}.Release|Mixed Platforms.Build.0 = Release|Win32
		{DA3EC6C7-B216-4F4B-A3BE-24013AE86FDA}.Release|Win32.ActiveCfg = Release|Win32
		{DA3EC6C7-B216-4F4B-A3BE-24013AE86FDA}.Release|Win32.Build.0 = Release|Win32
		{DA3EC6C7-B216-4F4B-A3BE-24013AE86FDA}.Release|x64.ActiveCfg = Release|x64
		{DA3EC6C7-B216-4F4B-A3BE-24013AE86FDA}.Release|x64.Build.0 = Release|x64
		{6DCCA72A-98FC-43A9-BDFD-8DA3EE9801DA}.Debug|Any CPU.ActiveCfg = Debug|Any CPU
		{6DCCA72A-98FC-43A9-BDFD-8DA3EE9801DA}.Debug|Any CPU.Build.0 = Debug|Any CPU
		{6DCCA72A-98FC-43A9-BDFD-8DA3EE9801DA}.Debug|Mixed Platforms.ActiveCfg = Debug|x64
		{6DCCA72A-98FC-43A9-BDFD-8DA3EE9801DA}.Debug|Mixed Platforms.Build.0 = Debug|x64
		{6DCCA72A-98FC-43A9-BDFD-8DA3EE9801DA}.Debug|Win32.ActiveCfg = Debug|Any CPU
		{6DCCA72A-98FC-43A9-BDFD-8DA3EE9801DA}.Debug|x64.ActiveCfg = Debug|x64
		{6DCCA72A-98FC-43A9-BDFD-8DA3EE9801DA}.Debug|x64.Build.0 = Debug|x64
		{6DCCA72A-98FC-43A9-BDFD-8DA3EE9801DA}.Release|Any CPU.ActiveCfg = Release|Any CPU
		{6DCCA72A-98FC-43A9-BDFD-8DA3EE9801DA}.Release|Any CPU.Build.0 = Release|Any CPU
		{6DCCA72A-98FC-43A9-BDFD-8DA3EE9801DA}.Release|Mixed Platforms.ActiveCfg = Release|Any CPU
		{6DCCA72A-98FC-43A9-BDFD-8DA3EE9801DA}.Release|Mixed Platforms.Build.0 = Release|Any CPU
		{6DCCA72A-98FC-43A9-BDFD-8DA3EE9801DA}.Release|Win32.ActiveCfg = Release|Any CPU
		{6DCCA72A-98FC-43A9-BDFD-8DA3EE9801DA}.Release|x64.ActiveCfg = Release|x64
		{6DCCA72A-98FC-43A9-BDFD-8DA3EE9801DA}.Release|x64.Build.0 = Release|x64
		{976D11BF-8E4A-408E-A9DB-D26A73D362A3}.Debug|Any CPU.ActiveCfg = Debug|Win32
		{976D11BF-8E4A-408E-A9DB-D26A73D362A3}.Debug|Mixed Platforms.ActiveCfg = Debug|x64
		{976D11BF-8E4A-408E-A9DB-D26A73D362A3}.Debug|Mixed Platforms.Build.0 = Debug|x64
		{976D11BF-8E4A-408E-A9DB-D26A73D362A3}.Debug|Win32.ActiveCfg = Debug|Win32
		{976D11BF-8E4A-408E-A9DB-D26A73D362A3}.Debug|Win32.Build.0 = Debug|Win32
		{976D11BF-8E4A-408E-A9DB-D26A73D362A3}.Debug|x64.ActiveCfg = Debug|x64
		{976D11BF-8E4A-408E-A9DB-D26A73D362A3}.Debug|x64.Build.0 = Debug|x64
		{976D11BF-8E4A-408E-A9DB-D26A73D362A3}.Release|Any CPU.ActiveCfg = Release|Win32
		{976D11BF-8E4A-408E-A9DB-D26A73D362A3}.Release|Mixed Platforms.ActiveCfg = Release|Win32
		{976D11BF-8E4A-408E-A9DB-D26A73D362A3}.Release|Win32.ActiveCfg = Release|Win32
		{976D11BF-8E4A-408E-A9DB-D26A73D362A3}.Release|Win32.Build.0 = Release|Win32
		{976D11BF-8E4A-408E-A9DB-D26A73D362A3}.Release|x64.ActiveCfg = Release|x64
		{976D11BF-8E4A-408E-A9DB-D26A73D362A3}.Release|x64.Build.0 = Release|x64
		{9D5186DE-9EF7-48F3-8F72-5A51F3ABA19B}.Debug|Any CPU.ActiveCfg = Debug|Win32
		{9D5186DE-9EF7-48F3-8F72-5A51F3ABA19B}.Debug|Mixed Platforms.ActiveCfg = Debug|x64
		{9D5186DE-9EF7-48F3-8F72-5A51F3ABA19B}.Debug|Mixed Platforms.Build.0 = Debug|x64
		{9D5186DE-9EF7-48F3-8F72-5A51F3ABA19B}.Debug|Win32.ActiveCfg = Debug|Win32
		{9D5186DE-9EF7-48F3-8F72-5A51F3ABA19B}.Debug|Win32.Build.0 = Debug|Win32
		{9D5186DE-9EF7-48F3-8F72-5A51F3ABA19B}.Debug|x64.ActiveCfg = Debug|x64
		{9D5186DE-9EF7-48F3-8F72-5A51F3ABA19B}.Debug|x64.Build.0 = Debug|x64
		{9D5186DE-9EF7-48F3-8F72-5A51F3ABA19B}.Release|Any CPU.ActiveCfg = Release|Win32
		{9D5186DE-9EF7-48F3-8F72-5A51F3ABA19B}.Release|Mixed Platforms.ActiveCfg = Release|Win32
		{9D5186DE-9EF7-48F3-8F72-5A51F3ABA19B}.Release|Mixed Platforms.Build.0 = Release|Win32
		{9D5186DE-9EF7-48F3-8F72-5A51F3ABA19B}.Release|Win32.ActiveCfg = Release|Win32
		{9D5186DE-9EF7-48F3-8F72-5A51F3ABA19B}.Release|Win32.Build.0 = Release|Win32
		{9D5186DE-9EF7-48F3-8F72-5A51F3ABA19B}.Release|x64.ActiveCfg = Release|x64
		{9D5186DE-9EF7-48F3-8F72-5A51F3ABA19B}.Release|x64.Build.0 = Release|x64
	EndGlobalSection
	GlobalSection(SolutionProperties) = preSolution
		HideSolutionNode = FALSE
	EndGlobalSection
EndGlobal
