<?xml version="1.0" encoding="utf-8"?>
<Project ToolsVersion="4.0" xmlns="http://schemas.microsoft.com/developer/msbuild/2003">
  <ItemGroup>
    <Filter Include="Source Files">
      <UniqueIdentifier>{4FC737F1-C7A5-4376-A066-2A32D752A2FF}</UniqueIdentifier>
      <Extensions>cpp;c;cc;cxx;def;odl;idl;hpj;bat;asm;asmx</Extensions>
    </Filter>
    <Filter Include="Header Files">
      <UniqueIdentifier>{93995380-89BD-4b04-88EB-625FBE52EBFB}</UniqueIdentifier>
      <Extensions>h;hh;hpp;hxx;hm;inl;inc;xsd</Extensions>
    </Filter>
    <Filter Include="Resource Files">
      <UniqueIdentifier>{67DA6AB6-F800-4c08-8B7A-83BB121AAD01}</UniqueIdentifier>
      <Extensions>rc;ico;cur;bmp;dlg;rc2;rct;bin;rgs;gif;jpg;jpeg;jpe;resx;tiff;tif;png;wav;mfcribbon-ms</Extensions>
    </Filter>
  </ItemGroup>
  <ItemGroup>
    <ClCompile Include="src\og_session_relation.cpp">
      <Filter>Source Files</Filter>
    </ClCompile>
    <ClCompile Include="src\og_transaction.cpp">
      <Filter>Source Files</Filter>
    </ClCompile>
    <ClCompile Include="src\schema.cpp">
      <Filter>Source Files</Filter>
    </ClCompile>
    <ClCompile Include="src\schema_base.cpp">
      <Filter>Source Files</Filter>
    </ClCompile>
    <ClCompile Include="src\schema_object.cpp">
      <Filter>Source Files</Filter>
    </ClCompile>
    <ClCompile Include="src\schema_parameter.cpp">
      <Filter>Source Files</Filter>
    </ClCompile>
    <ClCompile Include="src\schema_relation.cpp">
      <Filter>Source Files</Filter>
    </ClCompile>
    <ClCompile Include="src\session.cpp">
      <Filter>Source Files</Filter>
    </ClCompile>
    <ClCompile Include="src\session_object.cpp">
      <Filter>Source Files</Filter>
    </ClCompile>
    <ClCompile Include="src\session_parameter.cpp">
      <Filter>Source Files</Filter>
    </ClCompile>
    <ClCompile Include="src\session_relation.cpp">
      <Filter>Source Files</Filter>
    </ClCompile>
    <ClCompile Include="src\transaction.cpp">
      <Filter>Source Files</Filter>
    </ClCompile>
    <ClCompile Include="src\og_schema.cpp">
      <Filter>Source Files</Filter>
    </ClCompile>
    <ClCompile Include="src\og_schema_object.cpp">
      <Filter>Source Files</Filter>
    </ClCompile>
    <ClCompile Include="src\og_schema_parameter.cpp">
      <Filter>Source Files</Filter>
    </ClCompile>
    <ClCompile Include="src\og_schema_relation.cpp">
      <Filter>Source Files</Filter>
    </ClCompile>
    <ClCompile Include="src\og_session.cpp">
      <Filter>Source Files</Filter>
    </ClCompile>
    <ClCompile Include="src\og_session_object.cpp">
      <Filter>Source Files</Filter>
    </ClCompile>
    <ClCompile Include="src\og_session_parameter.cpp">
      <Filter>Source Files</Filter>
    </ClCompile>
  </ItemGroup>
  <ItemGroup>
    <ClInclude Include="include\og\core\base.h">
      <Filter>Header Files</Filter>
    </ClInclude>
    <ClInclude Include="include\og\core\exception.h">
      <Filter>Header Files</Filter>
    </ClInclude>
    <ClInclude Include="include\og\core\fetcher.h">
      <Filter>Header Files</Filter>
    </ClInclude>
    <ClInclude Include="include\og\core\mapping.h">
      <Filter>Header Files</Filter>
    </ClInclude>
    <ClInclude Include="include\og\core\multiplicity.h">
      <Filter>Header Files</Filter>
    </ClInclude>
    <ClInclude Include="include\og\core\schema.h">
      <Filter>Header Files</Filter>
    </ClInclude>
    <ClInclude Include="include\og\core\schema_base.h">
      <Filter>Header Files</Filter>
    </ClInclude>
    <ClInclude Include="include\og\core\schema_object.h">
      <Filter>Header Files</Filter>
    </ClInclude>
    <ClInclude Include="include\og\core\schema_parameter.h">
      <Filter>Header Files</Filter>
    </ClInclude>
    <ClInclude Include="include\og\core\schema_relation.h">
      <Filter>Header Files</Filter>
    </ClInclude>
    <ClInclude Include="include\og\core\schema_sql.h">
      <Filter>Header Files</Filter>
    </ClInclude>
    <ClInclude Include="include\og\core\serializer.h">
      <Filter>Header Files</Filter>
    </ClInclude>
    <ClInclude Include="include\og\core\session.h">
      <Filter>Header Files</Filter>
    </ClInclude>
    <ClInclude Include="include\og\core\session_base.h">
      <Filter>Header Files</Filter>
    </ClInclude>
    <ClInclude Include="include\og\core\session_object.h">
      <Filter>Header Files</Filter>
    </ClInclude>
    <ClInclude Include="include\og\core\session_parameter.h">
      <Filter>Header Files</Filter>
    </ClInclude>
    <ClInclude Include="include\og\core\session_relation.h">
      <Filter>Header Files</Filter>
    </ClInclude>
    <ClInclude Include="include\og\core\transaction.h">
      <Filter>Header Files</Filter>
    </ClInclude>
    <ClInclude Include="include\og\core\where_condition.h">
      <Filter>Header Files</Filter>
    </ClInclude>
    <ClInclude Include="include\og\core\xml_stream.h">
      <Filter>Header Files</Filter>
    </ClInclude>
    <ClInclude Include="include\og\og_converter.h">
      <Filter>Header Files</Filter>
    </ClInclude>
    <ClInclude Include="include\og\og_schema.h">
      <Filter>Header Files</Filter>
    </ClInclude>
    <ClInclude Include="include\og\og_schema_object.h">
      <Filter>Header Files</Filter>
    </ClInclude>
    <ClInclude Include="include\og\og_schema_parameter.h">
      <Filter>Header Files</Filter>
    </ClInclude>
    <ClInclude Include="include\og\og_schema_relation.h">
      <Filter>Header Files</Filter>
    </ClInclude>
    <ClInclude Include="include\og\og_session.h">
      <Filter>Header Files</Filter>
    </ClInclude>
    <ClInclude Include="include\og\og_session_object.h">
      <Filter>Header Files</Filter>
    </ClInclude>
    <ClInclude Include="include\og\og_session_parameter.h">
      <Filter>Header Files</Filter>
    </ClInclude>
    <ClInclude Include="include\og\og_session_relation.h">
      <Filter>Header Files</Filter>
    </ClInclude>
    <ClInclude Include="include\og\og_transaction.h">
      <Filter>Header Files</Filter>
    </ClInclude>
    <ClInclude Include="include\og\core\og.h">
      <Filter>Header Files</Filter>
    </ClInclude>
  </ItemGroup>
</Project>